PODS:
  - Alamofire (5.0.0-beta.3)
  - Kanna (4.0.3)

DEPENDENCIES:
  - Alamofire (~> 5.0.0-beta.2)
  - Kanna (~> 4.0.0)

SPEC REPOS:
  https://github.com/cocoapods/specs.git:
    - Alamofire
    - Kanna

SPEC CHECKSUMS:
  Alamofire: 50d6fa7e8cbe7f84559e86ab641ffd029db655f8
  Kanna: 0ebbdd0e7e3308f0aafbd569e79c8cadc5eb877c

PODFILE CHECKSUM: 9fd414109c57426c9dd2e8e50970bff059d9eb9a

COCOAPODS: 1.6.1
